<Solution>
  <Configurations>
    <Platform Name="Any CPU" />
    <Platform Name="x64" />
    <Platform Name="x86" />
  </Configurations>
  <Folder Name="/src/">
    <Project Path="src/GitHubAgentFleet.CLI/GitHubAgentFleet.CLI.csproj" />
    <Project Path="src/GitHubAgentFleet/GitHubAgentFleet.csproj" />
  </Folder>
  <Folder Name="/tests/">
    <Project Path="tests/GitHubAgentFleet.Tests/GitHubAgentFleet.Tests.csproj" />
  </Folder>
</Solution>
